{
  "name": "cloudflare_worker",
  "lockfileVersion": 3,
  "requires": true,
  "packages": {
    "": {
      "dependencies": {
        "typescript": "^5.8.3"
      },
      "devDependencies": {
        "@cloudflare/workers-types": "^4.20250409.0"
      }
    },
    "node_modules/@cloudflare/workers-types": {
      "version": "4.20250409.0",
      "resolved": "https://registry.npmjs.org/@cloudflare/workers-types/-/workers-types-4.20250409.0.tgz",
      "integrity": "sha512-yPxxwE5nr168huEfLNOB6904OsvIWcq0tWT23NMD6jT5SIp2ds3oOGANw7wz39r5y3jZYC2h1OnGwnZXJDDCOg==",
      "dev": true,
      "license": "MIT OR Apache-2.0"
    },
    "node_modules/typescript": {
      "version": "5.8.3",
      "resolved": "https://registry.npmjs.org/typescript/-/typescript-5.8.3.tgz",
      "integrity": "sha512-p1diW6TqL9L07nNxvRMM7hMMw4c5XOo/1ibL4aAIGmSAt9slTE1Xgw5KWuof2uTOvCg9BY7ZRi+GaF+7sfgPeQ==",
      "license": "Apache-2.0",
      "bin": {
        "tsc": "bin/tsc",
        "tsserver": "bin/tsserver"
      },
      "engines": {
        "node": ">=14.17"
      }
    }
  }
}
